
Microsoft Visual Studio Solution File, Format Version 12.00
# Visual Studio 15
Project("{FAE04EC0-301F-11D3-BF4B-00C04F79EFBC}") = "EUSignNetProject", "EUSignNetProject\EUSignNetProject.csproj", "{A986227D-7E16-4D63-9C98-803131D36184}"
EndProject
Global
	GlobalSection(SolutionConfigurationPlatforms) = preSolution
		Debug|Any CPU = Debug|Any CPU
		Release|Any CPU = Release|Any CPU
	EndGlobalSection
	GlobalSection(ProjectConfigurationPlatforms) = postSolution
		{A986227D-7E16-4D63-9C98-803131D36184}.Debug|Any CPU.ActiveCfg = Debug|Any CPU
		{A986227D-7E16-4D63-9C98-803131D36184}.Debug|Any CPU.Build.0 = Debug|Any CPU
		{A986227D-7E16-4D63-9C98-803131D36184}.Release|Any CPU.ActiveCfg = Release|Any CPU
		{A986227D-7E16-4D63-9C98-803131D36184}.Release|Any CPU.Build.0 = Release|Any CPU
	EndGlobalSection
EndGlobal
